# This file is automatically @generated by Cargo.
# It is not intended for manual editing.
version = 4

[[package]]
name = "rackforge-plugin-sdk"
version = "0.1.14"

[[package]]
name = "rf-rhodes-dsp"
version = "0.1.0"

[[package]]
name = "rf-rhodes-lab"
version = "0.1.0"
dependencies = [
 "rf-rhodes-dsp",
]

[[package]]
name = "rf-rhodes-plugin"
version = "0.1.0"
dependencies = [
 "rackforge-plugin-sdk",
 "rf-rhodes-dsp",
]
